
Microsoft Visual Studio Solution File, Format Version 12.00
# Visual Studio Version 17
VisualStudioVersion = 17.4.33403.182
MinimumVisualStudioVersion = 10.0.40219.1
Project("{9A19103F-16F7-4668-BE54-9A1E7A4F7556}") = "Framework", "Framework\Framework.csproj", "{20FC2944-DEF1-4796-A075-73E39BD5380D}"
EndProject
Project("{9A19103F-16F7-4668-BE54-9A1E7A4F7556}") = "Framework.Core", "Framework.Core\Framework.Core.csproj", "{D43F45FC-2927-4E8C-98FC-D4FA557ACDCA}"
EndProject
Project("{9A19103F-16F7-4668-BE54-9A1E7A4F7556}") = "Framework.Configuration", "Framework.Configuration\Framework.Configuration.csproj", "{7B6240FD-AD3A-43C4-8269-0BFA87EF4D9D}"
EndProject
Project("{9A19103F-16F7-4668-BE54-9A1E7A4F7556}") = "Framework.Logging", "Framework.Logging\Framework.Logging.csproj", "{A82F23F5-4884-4480-B024-0252EF991E34}"
EndProject
Project("{2150E333-8FDC-42A3-9474-1A3956D46DE8}") = "Solution Items", "Solution Items", "{B061D27B-7D3E-4DFB-811E-DC19C54348C1}"
	ProjectSection(SolutionItems) = preProject
		readme.md = readme.md
	EndProjectSection
EndProject
Global
	GlobalSection(SolutionConfigurationPlatforms) = preSolution
		Debug|Any CPU = Debug|Any CPU
		Release|Any CPU = Release|Any CPU
	EndGlobalSection
	GlobalSection(ProjectConfigurationPlatforms) = postSolution
		{20FC2944-DEF1-4796-A075-73E39BD5380D}.Debug|Any CPU.ActiveCfg = Debug|Any CPU
		{20FC2944-DEF1-4796-A075-73E39BD5380D}.Debug|Any CPU.Build.0 = Debug|Any CPU
		{20FC2944-DEF1-4796-A075-73E39BD5380D}.Release|Any CPU.ActiveCfg = Release|Any CPU
		{20FC2944-DEF1-4796-A075-73E39BD5380D}.Release|Any CPU.Build.0 = Release|Any CPU
		{D43F45FC-2927-4E8C-98FC-D4FA557ACDCA}.Debug|Any CPU.ActiveCfg = Debug|Any CPU
		{D43F45FC-2927-4E8C-98FC-D4FA557ACDCA}.Debug|Any CPU.Build.0 = Debug|Any CPU
		{D43F45FC-2927-4E8C-98FC-D4FA557ACDCA}.Release|Any CPU.ActiveCfg = Release|Any CPU
		{D43F45FC-2927-4E8C-98FC-D4FA557ACDCA}.Release|Any CPU.Build.0 = Release|Any CPU
		{7B6240FD-AD3A-43C4-8269-0BFA87EF4D9D}.Debug|Any CPU.ActiveCfg = Debug|Any CPU
		{7B6240FD-AD3A-43C4-8269-0BFA87EF4D9D}.Debug|Any CPU.Build.0 = Debug|Any CPU
		{7B6240FD-AD3A-43C4-8269-0BFA87EF4D9D}.Release|Any CPU.ActiveCfg = Release|Any CPU
		{7B6240FD-AD3A-43C4-8269-0BFA87EF4D9D}.Release|Any CPU.Build.0 = Release|Any CPU
		{A82F23F5-4884-4480-B024-0252EF991E34}.Debug|Any CPU.ActiveCfg = Debug|Any CPU
		{A82F23F5-4884-4480-B024-0252EF991E34}.Debug|Any CPU.Build.0 = Debug|Any CPU
		{A82F23F5-4884-4480-B024-0252EF991E34}.Release|Any CPU.ActiveCfg = Release|Any CPU
		{A82F23F5-4884-4480-B024-0252EF991E34}.Release|Any CPU.Build.0 = Release|Any CPU
	EndGlobalSection
	GlobalSection(SolutionProperties) = preSolution
		HideSolutionNode = FALSE
	EndGlobalSection
	GlobalSection(ExtensibilityGlobals) = postSolution
		SolutionGuid = {E340CE10-F41B-4866-AF4A-399D667D313A}
	EndGlobalSection
EndGlobal
